
Microsoft Visual Studio Solution File, Format Version 12.00
# Visual Studio Version 17
VisualStudioVersion = 17.14.36310.24
MinimumVisualStudioVersion = 10.0.40219.1
Project("{2150E333-8FDC-42A3-9474-1A3956D46DE8}") = "src", "src", "{02EA681E-C7D8-13C7-8484-4AC65E1B71E8}"
EndProject
Project("{FAE04EC0-301F-11D3-BF4B-00C04F79EFBC}") = "SKFProductAssistant.Domain", "src\SKFProductAssistant.Domain\SKFProductAssistant.Domain.csproj", "{242FC554-B5B1-7537-0E60-DA9B4D59A0BF}"
EndProject
Project("{FAE04EC0-301F-11D3-BF4B-00C04F79EFBC}") = "SKFProductAssistant.Application", "src\SKFProductAssistant.Application\SKFProductAssistant.Application.csproj", "{03C55AE7-F8CA-E682-0693-534E27CA9BB6}"
EndProject
Project("{FAE04EC0-301F-11D3-BF4B-00C04F79EFBC}") = "SKFProductAssistant.Infrastructure", "src\SKFProductAssistant.Infrastructure\SKFProductAssistant.Infrastructure.csproj", "{FC0A953A-9083-0834-A2E7-AD0772495884}"
EndProject
Project("{FAE04EC0-301F-11D3-BF4B-00C04F79EFBC}") = "SKFProductAssistant.Functions", "src\SKFProductAssistant.Functions\SKFProductAssistant.Functions.csproj", "{C834805D-45C2-1134-FFF3-561A5A215CFB}"
EndProject
Global
	GlobalSection(SolutionConfigurationPlatforms) = preSolution
		Debug|Any CPU = Debug|Any CPU
		Release|Any CPU = Release|Any CPU
	EndGlobalSection
	GlobalSection(ProjectConfigurationPlatforms) = postSolution
		{242FC554-B5B1-7537-0E60-DA9B4D59A0BF}.Debug|Any CPU.ActiveCfg = Debug|Any CPU
		{242FC554-B5B1-7537-0E60-DA9B4D59A0BF}.Debug|Any CPU.Build.0 = Debug|Any CPU
		{242FC554-B5B1-7537-0E60-DA9B4D59A0BF}.Release|Any CPU.ActiveCfg = Release|Any CPU
		{242FC554-B5B1-7537-0E60-DA9B4D59A0BF}.Release|Any CPU.Build.0 = Release|Any CPU
		{03C55AE7-F8CA-E682-0693-534E27CA9BB6}.Debug|Any CPU.ActiveCfg = Debug|Any CPU
		{03C55AE7-F8CA-E682-0693-534E27CA9BB6}.Debug|Any CPU.Build.0 = Debug|Any CPU
		{03C55AE7-F8CA-E682-0693-534E27CA9BB6}.Release|Any CPU.ActiveCfg = Release|Any CPU
		{03C55AE7-F8CA-E682-0693-534E27CA9BB6}.Release|Any CPU.Build.0 = Release|Any CPU
		{FC0A953A-9083-0834-A2E7-AD0772495884}.Debug|Any CPU.ActiveCfg = Debug|Any CPU
		{FC0A953A-9083-0834-A2E7-AD0772495884}.Debug|Any CPU.Build.0 = Debug|Any CPU
		{FC0A953A-9083-0834-A2E7-AD0772495884}.Release|Any CPU.ActiveCfg = Release|Any CPU
		{FC0A953A-9083-0834-A2E7-AD0772495884}.Release|Any CPU.Build.0 = Release|Any CPU
		{C834805D-45C2-1134-FFF3-561A5A215CFB}.Debug|Any CPU.ActiveCfg = Debug|Any CPU
		{C834805D-45C2-1134-FFF3-561A5A215CFB}.Debug|Any CPU.Build.0 = Debug|Any CPU
		{C834805D-45C2-1134-FFF3-561A5A215CFB}.Release|Any CPU.ActiveCfg = Release|Any CPU
		{C834805D-45C2-1134-FFF3-561A5A215CFB}.Release|Any CPU.Build.0 = Release|Any CPU
	EndGlobalSection
	GlobalSection(SolutionProperties) = preSolution
		HideSolutionNode = FALSE
	EndGlobalSection
	GlobalSection(NestedProjects) = preSolution
		{242FC554-B5B1-7537-0E60-DA9B4D59A0BF} = {02EA681E-C7D8-13C7-8484-4AC65E1B71E8}
		{03C55AE7-F8CA-E682-0693-534E27CA9BB6} = {02EA681E-C7D8-13C7-8484-4AC65E1B71E8}
		{FC0A953A-9083-0834-A2E7-AD0772495884} = {02EA681E-C7D8-13C7-8484-4AC65E1B71E8}
		{C834805D-45C2-1134-FFF3-561A5A215CFB} = {02EA681E-C7D8-13C7-8484-4AC65E1B71E8}
	EndGlobalSection
	GlobalSection(ExtensibilityGlobals) = postSolution
		SolutionGuid = {BD59904D-323E-49E1-AAA8-48733B234F51}
	EndGlobalSection
EndGlobal
